
Microsoft Visual Studio Solution File, Format Version 12.00
# Visual Studio Version 17
VisualStudioVersion = 17.6.33723.286
MinimumVisualStudioVersion = 10.0.40219.1
Project("{FAE04EC0-301F-11D3-BF4B-00C04F79EFBC}") = "MovieStreamingFramework", "MovieStreamingFramework\MovieStreamingFramework.csproj", "{F926CF00-ABAA-4676-8D13-C40461ECC389}"
EndProject
Project("{FAE04EC0-301F-11D3-BF4B-00C04F79EFBC}") = "MovieStreamingFramework.Remote", "MovieStreamingFramework.Remote\MovieStreamingFramework.Remote.csproj", "{88535A82-E69C-4876-AA02-D2BC5A0B01D4}"
EndProject
Project("{FAE04EC0-301F-11D3-BF4B-00C04F79EFBC}") = "MovieStreamingFramework.Common", "MovieStreaming.Common\MovieStreamingFramework.Common.csproj", "{A6A577AF-6EFF-4C8B-BEC7-9C88199940BD}"
EndProject
Global
	GlobalSection(SolutionConfigurationPlatforms) = preSolution
		Debug|Any CPU = Debug|Any CPU
		Release|Any CPU = Release|Any CPU
	EndGlobalSection
	GlobalSection(ProjectConfigurationPlatforms) = postSolution
		{F926CF00-ABAA-4676-8D13-C40461ECC389}.Debug|Any CPU.ActiveCfg = Debug|Any CPU
		{F926CF00-ABAA-4676-8D13-C40461ECC389}.Debug|Any CPU.Build.0 = Debug|Any CPU
		{F926CF00-ABAA-4676-8D13-C40461ECC389}.Release|Any CPU.ActiveCfg = Release|Any CPU
		{F926CF00-ABAA-4676-8D13-C40461ECC389}.Release|Any CPU.Build.0 = Release|Any CPU
		{88535A82-E69C-4876-AA02-D2BC5A0B01D4}.Debug|Any CPU.ActiveCfg = Debug|Any CPU
		{88535A82-E69C-4876-AA02-D2BC5A0B01D4}.Debug|Any CPU.Build.0 = Debug|Any CPU
		{88535A82-E69C-4876-AA02-D2BC5A0B01D4}.Release|Any CPU.ActiveCfg = Release|Any CPU
		{88535A82-E69C-4876-AA02-D2BC5A0B01D4}.Release|Any CPU.Build.0 = Release|Any CPU
		{A6A577AF-6EFF-4C8B-BEC7-9C88199940BD}.Debug|Any CPU.ActiveCfg = Debug|Any CPU
		{A6A577AF-6EFF-4C8B-BEC7-9C88199940BD}.Debug|Any CPU.Build.0 = Debug|Any CPU
		{A6A577AF-6EFF-4C8B-BEC7-9C88199940BD}.Release|Any CPU.ActiveCfg = Release|Any CPU
		{A6A577AF-6EFF-4C8B-BEC7-9C88199940BD}.Release|Any CPU.Build.0 = Release|Any CPU
	EndGlobalSection
	GlobalSection(SolutionProperties) = preSolution
		HideSolutionNode = FALSE
	EndGlobalSection
	GlobalSection(ExtensibilityGlobals) = postSolution
		SolutionGuid = {96C56E13-FF87-4ACC-B2DD-98FCEC698F5F}
	EndGlobalSection
EndGlobal
